
Microsoft Visual Studio Solution File, Format Version 12.00
# Visual Studio 15
VisualStudioVersion = 15.0.27130.2027
MinimumVisualStudioVersion = 10.0.40219.1
Project("{FAE04EC0-301F-11D3-BF4B-00C04F79EFBC}") = "Druin.Chef.Server", "Druin.Chef.Server\Druin.Chef.Server.csproj", "{F97B4B05-9577-476B-821F-3C605E57E968}"
EndProject
Project("{FAE04EC0-301F-11D3-BF4B-00C04F79EFBC}") = "Druin.Chef.Core", "..\Druin.Chef.Core\Druin.Chef.Core\Druin.Chef.Core.csproj", "{822CB221-A617-4EC8-8837-A5D422F3F287}"
EndProject
Project("{FAE04EC0-301F-11D3-BF4B-00C04F79EFBC}") = "TestApp", "TestApp\TestApp.csproj", "{9E5C5A2C-849A-4388-85EA-1EEE6517CEC9}"
EndProject
Global
	GlobalSection(SolutionConfigurationPlatforms) = preSolution
		Debug|Any CPU = Debug|Any CPU
		Release|Any CPU = Release|Any CPU
	EndGlobalSection
	GlobalSection(ProjectConfigurationPlatforms) = postSolution
		{F97B4B05-9577-476B-821F-3C605E57E968}.Debug|Any CPU.ActiveCfg = Debug|Any CPU
		{F97B4B05-9577-476B-821F-3C605E57E968}.Debug|Any CPU.Build.0 = Debug|Any CPU
		{F97B4B05-9577-476B-821F-3C605E57E968}.Release|Any CPU.ActiveCfg = Release|Any CPU
		{F97B4B05-9577-476B-821F-3C605E57E968}.Release|Any CPU.Build.0 = Release|Any CPU
		{822CB221-A617-4EC8-8837-A5D422F3F287}.Debug|Any CPU.ActiveCfg = Debug|Any CPU
		{822CB221-A617-4EC8-8837-A5D422F3F287}.Debug|Any CPU.Build.0 = Debug|Any CPU
		{822CB221-A617-4EC8-8837-A5D422F3F287}.Release|Any CPU.ActiveCfg = Release|Any CPU
		{822CB221-A617-4EC8-8837-A5D422F3F287}.Release|Any CPU.Build.0 = Release|Any CPU
		{9E5C5A2C-849A-4388-85EA-1EEE6517CEC9}.Debug|Any CPU.ActiveCfg = Debug|Any CPU
		{9E5C5A2C-849A-4388-85EA-1EEE6517CEC9}.Debug|Any CPU.Build.0 = Debug|Any CPU
		{9E5C5A2C-849A-4388-85EA-1EEE6517CEC9}.Release|Any CPU.ActiveCfg = Release|Any CPU
		{9E5C5A2C-849A-4388-85EA-1EEE6517CEC9}.Release|Any CPU.Build.0 = Release|Any CPU
	EndGlobalSection
	GlobalSection(SolutionProperties) = preSolution
		HideSolutionNode = FALSE
	EndGlobalSection
	GlobalSection(ExtensibilityGlobals) = postSolution
		SolutionGuid = {BD2757A2-EAD2-4DF8-8762-0220D96AD33E}
	EndGlobalSection
EndGlobal
